
Microsoft Visual Studio Solution File, Format Version 12.00
# Visual Studio Version 16
VisualStudioVersion = 16.0.31424.327
MinimumVisualStudioVersion = 10.0.40219.1
Project("{9A19103F-16F7-4668-BE54-9A1E7A4F7556}") = "Travel.API", "Travel.API\Travel.API.csproj", "{32C71792-7EEE-48D6-8EDC-A92487AE2DB8}"
EndProject
Project("{9A19103F-16F7-4668-BE54-9A1E7A4F7556}") = "Travel.Domain", "Travel.Domain\Travel.Domain.csproj", "{DC277EB7-6C1A-4EBE-81B3-4F9DFDFF528B}"
EndProject
Project("{9A19103F-16F7-4668-BE54-9A1E7A4F7556}") = "Travel.Application", "Travel.Application\Travel.Application.csproj", "{5631B917-0512-4C0D-8A95-14DA412AC14D}"
EndProject
Project("{9A19103F-16F7-4668-BE54-9A1E7A4F7556}") = "Travel.Infraestructure.Persistence", "Travel.Infraestructure.Persistence\Travel.Infraestructure.Persistence.csproj", "{07DA507E-AD4F-4803-955F-D0A6D05289DD}"
EndProject
Project("{2150E333-8FDC-42A3-9474-1A3956D46DE8}") = "Frontend", "Frontend", "{6AD4F7FF-C210-44D4-B99A-A33093F4470D}"
EndProject
Project("{2150E333-8FDC-42A3-9474-1A3956D46DE8}") = "Backend", "Backend", "{72D94848-C621-4159-9A3B-E70DCA347FC6}"
EndProject
Project("{9A19103F-16F7-4668-BE54-9A1E7A4F7556}") = "Travel.Front", "Travel.Front\Travel.Front.csproj", "{39FE389F-A4D2-4284-AAB9-7B7F2F9541EC}"
EndProject
Project("{9A19103F-16F7-4668-BE54-9A1E7A4F7556}") = "Travel.Security", "Travel.Security\Travel.Security.csproj", "{228AD057-2DF4-40A0-A458-C90BFCC84DD0}"
EndProject
Project("{9A19103F-16F7-4668-BE54-9A1E7A4F7556}") = "Travel.Unit", "Travel.Unit\Travel.Unit.csproj", "{15FCF7DB-5AA0-4676-BDBC-C29D5DAFC93F}"
EndProject
Global
	GlobalSection(SolutionConfigurationPlatforms) = preSolution
		Debug|Any CPU = Debug|Any CPU
		Release|Any CPU = Release|Any CPU
	EndGlobalSection
	GlobalSection(ProjectConfigurationPlatforms) = postSolution
		{32C71792-7EEE-48D6-8EDC-A92487AE2DB8}.Debug|Any CPU.ActiveCfg = Debug|Any CPU
		{32C71792-7EEE-48D6-8EDC-A92487AE2DB8}.Debug|Any CPU.Build.0 = Debug|Any CPU
		{32C71792-7EEE-48D6-8EDC-A92487AE2DB8}.Release|Any CPU.ActiveCfg = Release|Any CPU
		{32C71792-7EEE-48D6-8EDC-A92487AE2DB8}.Release|Any CPU.Build.0 = Release|Any CPU
		{DC277EB7-6C1A-4EBE-81B3-4F9DFDFF528B}.Debug|Any CPU.ActiveCfg = Debug|Any CPU
		{DC277EB7-6C1A-4EBE-81B3-4F9DFDFF528B}.Debug|Any CPU.Build.0 = Debug|Any CPU
		{DC277EB7-6C1A-4EBE-81B3-4F9DFDFF528B}.Release|Any CPU.ActiveCfg = Release|Any CPU
		{DC277EB7-6C1A-4EBE-81B3-4F9DFDFF528B}.Release|Any CPU.Build.0 = Release|Any CPU
		{5631B917-0512-4C0D-8A95-14DA412AC14D}.Debug|Any CPU.ActiveCfg = Debug|Any CPU
		{5631B917-0512-4C0D-8A95-14DA412AC14D}.Debug|Any CPU.Build.0 = Debug|Any CPU
		{5631B917-0512-4C0D-8A95-14DA412AC14D}.Release|Any CPU.ActiveCfg = Release|Any CPU
		{5631B917-0512-4C0D-8A95-14DA412AC14D}.Release|Any CPU.Build.0 = Release|Any CPU
		{07DA507E-AD4F-4803-955F-D0A6D05289DD}.Debug|Any CPU.ActiveCfg = Debug|Any CPU
		{07DA507E-AD4F-4803-955F-D0A6D05289DD}.Debug|Any CPU.Build.0 = Debug|Any CPU
		{07DA507E-AD4F-4803-955F-D0A6D05289DD}.Release|Any CPU.ActiveCfg = Release|Any CPU
		{07DA507E-AD4F-4803-955F-D0A6D05289DD}.Release|Any CPU.Build.0 = Release|Any CPU
		{39FE389F-A4D2-4284-AAB9-7B7F2F9541EC}.Debug|Any CPU.ActiveCfg = Debug|Any CPU
		{39FE389F-A4D2-4284-AAB9-7B7F2F9541EC}.Debug|Any CPU.Build.0 = Debug|Any CPU
		{39FE389F-A4D2-4284-AAB9-7B7F2F9541EC}.Release|Any CPU.ActiveCfg = Release|Any CPU
		{39FE389F-A4D2-4284-AAB9-7B7F2F9541EC}.Release|Any CPU.Build.0 = Release|Any CPU
		{228AD057-2DF4-40A0-A458-C90BFCC84DD0}.Debug|Any CPU.ActiveCfg = Debug|Any CPU
		{228AD057-2DF4-40A0-A458-C90BFCC84DD0}.Debug|Any CPU.Build.0 = Debug|Any CPU
		{228AD057-2DF4-40A0-A458-C90BFCC84DD0}.Release|Any CPU.ActiveCfg = Release|Any CPU
		{228AD057-2DF4-40A0-A458-C90BFCC84DD0}.Release|Any CPU.Build.0 = Release|Any CPU
		{15FCF7DB-5AA0-4676-BDBC-C29D5DAFC93F}.Debug|Any CPU.ActiveCfg = Debug|Any CPU
		{15FCF7DB-5AA0-4676-BDBC-C29D5DAFC93F}.Debug|Any CPU.Build.0 = Debug|Any CPU
		{15FCF7DB-5AA0-4676-BDBC-C29D5DAFC93F}.Release|Any CPU.ActiveCfg = Release|Any CPU
		{15FCF7DB-5AA0-4676-BDBC-C29D5DAFC93F}.Release|Any CPU.Build.0 = Release|Any CPU
	EndGlobalSection
	GlobalSection(SolutionProperties) = preSolution
		HideSolutionNode = FALSE
	EndGlobalSection
	GlobalSection(NestedProjects) = preSolution
		{32C71792-7EEE-48D6-8EDC-A92487AE2DB8} = {72D94848-C621-4159-9A3B-E70DCA347FC6}
		{DC277EB7-6C1A-4EBE-81B3-4F9DFDFF528B} = {72D94848-C621-4159-9A3B-E70DCA347FC6}
		{5631B917-0512-4C0D-8A95-14DA412AC14D} = {72D94848-C621-4159-9A3B-E70DCA347FC6}
		{07DA507E-AD4F-4803-955F-D0A6D05289DD} = {72D94848-C621-4159-9A3B-E70DCA347FC6}
		{39FE389F-A4D2-4284-AAB9-7B7F2F9541EC} = {6AD4F7FF-C210-44D4-B99A-A33093F4470D}
		{228AD057-2DF4-40A0-A458-C90BFCC84DD0} = {72D94848-C621-4159-9A3B-E70DCA347FC6}
		{15FCF7DB-5AA0-4676-BDBC-C29D5DAFC93F} = {72D94848-C621-4159-9A3B-E70DCA347FC6}
	EndGlobalSection
	GlobalSection(ExtensibilityGlobals) = postSolution
		SolutionGuid = {454B03F3-8610-4BFD-AD19-F640C172426C}
	EndGlobalSection
EndGlobal
